
Microsoft Visual Studio Solution File, Format Version 12.00
# Visual Studio Version 16
VisualStudioVersion = 16.0.31729.503
MinimumVisualStudioVersion = 10.0.40219.1
Project("{9A19103F-16F7-4668-BE54-9A1E7A4F7556}") = "Test", "Test\Test.csproj", "{E31C1E28-DAE5-48EB-9552-ED11AA8A5AC9}"
EndProject
Global
	GlobalSection(SolutionConfigurationPlatforms) = preSolution
		Debug|Any CPU = Debug|Any CPU
		Release|Any CPU = Release|Any CPU
	EndGlobalSection
	GlobalSection(ProjectConfigurationPlatforms) = postSolution
		{E31C1E28-DAE5-48EB-9552-ED11AA8A5AC9}.Debug|Any CPU.ActiveCfg = Debug|Any CPU
		{E31C1E28-DAE5-48EB-9552-ED11AA8A5AC9}.Debug|Any CPU.Build.0 = Debug|Any CPU
		{E31C1E28-DAE5-48EB-9552-ED11AA8A5AC9}.Release|Any CPU.ActiveCfg = Release|Any CPU
		{E31C1E28-DAE5-48EB-9552-ED11AA8A5AC9}.Release|Any CPU.Build.0 = Release|Any CPU
	EndGlobalSection
	GlobalSection(SolutionProperties) = preSolution
		HideSolutionNode = FALSE
	EndGlobalSection
	GlobalSection(ExtensibilityGlobals) = postSolution
		SolutionGuid = {BE27BB71-A40F-45CF-9637-0F74B5ADF0F0}
	EndGlobalSection
EndGlobal
